
Microsoft Visual Studio Solution File, Format Version 12.00
# Visual Studio Version 16
VisualStudioVersion = 16.0.28803.352
MinimumVisualStudioVersion = 10.0.40219.1
Project("{FAE04EC0-301F-11D3-BF4B-00C04F79EFBC}") = "Final Project", "Final Project\Final Project.csproj", "{62B4E6D9-F0A3-4A1D-8783-A4698F491F96}"
EndProject
Global
	GlobalSection(SolutionConfigurationPlatforms) = preSolution
		Debug|Any CPU = Debug|Any CPU
		Release|Any CPU = Release|Any CPU
	EndGlobalSection
	GlobalSection(ProjectConfigurationPlatforms) = postSolution
		{62B4E6D9-F0A3-4A1D-8783-A4698F491F96}.Debug|Any CPU.ActiveCfg = Debug|Any CPU
		{62B4E6D9-F0A3-4A1D-8783-A4698F491F96}.Debug|Any CPU.Build.0 = Debug|Any CPU
		{62B4E6D9-F0A3-4A1D-8783-A4698F491F96}.Release|Any CPU.ActiveCfg = Release|Any CPU
		{62B4E6D9-F0A3-4A1D-8783-A4698F491F96}.Release|Any CPU.Build.0 = Release|Any CPU
	EndGlobalSection
	GlobalSection(SolutionProperties) = preSolution
		HideSolutionNode = FALSE
	EndGlobalSection
	GlobalSection(ExtensibilityGlobals) = postSolution
		SolutionGuid = {32AC3CCB-CE35-4906-9348-EF39F71513FD}
	EndGlobalSection
	GlobalSection(TeamFoundationVersionControl) = preSolution
		SccNumberOfProjects = 2
		SccEnterpriseProvider = {4CA58AB2-18FA-4F8D-95D4-32DDF27D184C}
		SccTeamFoundationServer = https://cisteam.otc.edu/tfs/mw0415436
		SccLocalPath0 = .
		SccProjectUniqueName1 = Final\u0020Project\\Final\u0020Project.csproj
		SccProjectName1 = Final\u0020Project
		SccLocalPath1 = Final\u0020Project
	EndGlobalSection
EndGlobal
