
Microsoft Visual Studio Solution File, Format Version 12.00
# Visual Studio Version 16
VisualStudioVersion = 16.0.28803.352
MinimumVisualStudioVersion = 10.0.40219.1
Project("{FAE04EC0-301F-11D3-BF4B-00C04F79EFBC}") = "SurveyFormProject3", "SurveyFormProject3\SurveyFormProject3.csproj", "{F0F65597-464A-4E23-AC1A-0179E3D5E3C8}"
EndProject
Global
	GlobalSection(SolutionConfigurationPlatforms) = preSolution
		Debug|Any CPU = Debug|Any CPU
		Release|Any CPU = Release|Any CPU
	EndGlobalSection
	GlobalSection(ProjectConfigurationPlatforms) = postSolution
		{F0F65597-464A-4E23-AC1A-0179E3D5E3C8}.Debug|Any CPU.ActiveCfg = Debug|Any CPU
		{F0F65597-464A-4E23-AC1A-0179E3D5E3C8}.Debug|Any CPU.Build.0 = Debug|Any CPU
		{F0F65597-464A-4E23-AC1A-0179E3D5E3C8}.Release|Any CPU.ActiveCfg = Release|Any CPU
		{F0F65597-464A-4E23-AC1A-0179E3D5E3C8}.Release|Any CPU.Build.0 = Release|Any CPU
	EndGlobalSection
	GlobalSection(SolutionProperties) = preSolution
		HideSolutionNode = FALSE
	EndGlobalSection
	GlobalSection(ExtensibilityGlobals) = postSolution
		SolutionGuid = {C3F08451-BBE0-41B2-90AB-01513BDFF199}
	EndGlobalSection
	GlobalSection(TeamFoundationVersionControl) = preSolution
		SccNumberOfProjects = 2
		SccEnterpriseProvider = {4CA58AB2-18FA-4F8D-95D4-32DDF27D184C}
		SccTeamFoundationServer = https://cisteam.otc.edu/tfs/mw0415436
		SccLocalPath0 = .
		SccProjectUniqueName1 = SurveyFormProject3\\SurveyFormProject3.csproj
		SccProjectName1 = SurveyFormProject3
		SccLocalPath1 = SurveyFormProject3
	EndGlobalSection
EndGlobal
